
Microsoft Visual Studio Solution File, Format Version 12.00
# Visual Studio Version 17
VisualStudioVersion = 17.13.35825.156 d17.13
MinimumVisualStudioVersion = 10.0.40219.1
Project("{FAE04EC0-301F-11D3-BF4B-00C04F79EFBC}") = "Carbon.Runner", "Carbon.Runner.csproj", "{455AD15E-A5EE-4E60-8300-3E1FCE9252C3}"
EndProject
Global
	GlobalSection(SolutionConfigurationPlatforms) = preSolution
		Debug|Any CPU = Debug|Any CPU
		Release|Any CPU = Release|Any CPU
	EndGlobalSection
	GlobalSection(ProjectConfigurationPlatforms) = postSolution
		{455AD15E-A5EE-4E60-8300-3E1FCE9252C3}.Debug|Any CPU.ActiveCfg = Debug|Any CPU
		{455AD15E-A5EE-4E60-8300-3E1FCE9252C3}.Debug|Any CPU.Build.0 = Debug|Any CPU
		{455AD15E-A5EE-4E60-8300-3E1FCE9252C3}.Release|Any CPU.ActiveCfg = Release|Any CPU
		{455AD15E-A5EE-4E60-8300-3E1FCE9252C3}.Release|Any CPU.Build.0 = Release|Any CPU
	EndGlobalSection
	GlobalSection(SolutionProperties) = preSolution
		HideSolutionNode = FALSE
	EndGlobalSection
	GlobalSection(ExtensibilityGlobals) = postSolution
		SolutionGuid = {36ACBC6B-9D0C-4B1C-B0F6-001EDE9E95DD}
	EndGlobalSection
EndGlobal
