
Microsoft Visual Studio Solution File, Format Version 12.00
# Visual Studio Version 17
VisualStudioVersion = 17.3.32819.101
MinimumVisualStudioVersion = 10.0.40219.1
Project("{FAE04EC0-301F-11D3-BF4B-00C04F79EFBC}") = "Carbon", "Carbon\Carbon.csproj", "{DB7AC4B9-E0F3-4E8F-B977-DD32709359A4}"
EndProject
Project("{FAE04EC0-301F-11D3-BF4B-00C04F79EFBC}") = "Test", "Test\Test.csproj", "{EA0C021F-83CC-4D67-A6FE-136B92093BFA}"
EndProject
Project("{FAE04EC0-301F-11D3-BF4B-00C04F79EFBC}") = "Carbon.Extended", "Carbon.Extended\Carbon.Extended.csproj", "{F680AF83-68B8-4762-A4F3-1757E7DC7A22}"
EndProject
Project("{FAE04EC0-301F-11D3-BF4B-00C04F79EFBC}") = "Carbon.Patch", "Carbon.Patch\Carbon.Patch.csproj", "{C7A9EC64-357C-4411-85CB-AF342FAB6654}"
EndProject
Project("{FAE04EC0-301F-11D3-BF4B-00C04F79EFBC}") = "Carbon.Doorstop", "Carbon.Doorstop\Carbon.Doorstop.csproj", "{6872448A-98BF-45B3-88D8-AF80F8E562CA}"
EndProject
Project("{FAE04EC0-301F-11D3-BF4B-00C04F79EFBC}") = "Carbon.CodeGen", "Carbon.CodeGen\Carbon.CodeGen.csproj", "{A65D823D-2855-4D0C-8DA8-E10E1FAC426F}"
EndProject
Global
	GlobalSection(SolutionConfigurationPlatforms) = preSolution
		Debug|Any CPU = Debug|Any CPU
		Release|Any CPU = Release|Any CPU
		ReleaseUnix|Any CPU = ReleaseUnix|Any CPU
	EndGlobalSection
	GlobalSection(ProjectConfigurationPlatforms) = postSolution
		{DB7AC4B9-E0F3-4E8F-B977-DD32709359A4}.Debug|Any CPU.ActiveCfg = Debug|Any CPU
		{DB7AC4B9-E0F3-4E8F-B977-DD32709359A4}.Debug|Any CPU.Build.0 = Debug|Any CPU
		{DB7AC4B9-E0F3-4E8F-B977-DD32709359A4}.Release|Any CPU.ActiveCfg = Release|Any CPU
		{DB7AC4B9-E0F3-4E8F-B977-DD32709359A4}.Release|Any CPU.Build.0 = Release|Any CPU
		{DB7AC4B9-E0F3-4E8F-B977-DD32709359A4}.ReleaseUnix|Any CPU.ActiveCfg = ReleaseUnix|Any CPU
		{DB7AC4B9-E0F3-4E8F-B977-DD32709359A4}.ReleaseUnix|Any CPU.Build.0 = ReleaseUnix|Any CPU
		{EA0C021F-83CC-4D67-A6FE-136B92093BFA}.Debug|Any CPU.ActiveCfg = Debug|Any CPU
		{EA0C021F-83CC-4D67-A6FE-136B92093BFA}.Debug|Any CPU.Build.0 = Debug|Any CPU
		{EA0C021F-83CC-4D67-A6FE-136B92093BFA}.Release|Any CPU.ActiveCfg = Release|Any CPU
		{EA0C021F-83CC-4D67-A6FE-136B92093BFA}.Release|Any CPU.Build.0 = Release|Any CPU
		{EA0C021F-83CC-4D67-A6FE-136B92093BFA}.ReleaseUnix|Any CPU.ActiveCfg = ReleaseUnix|Any CPU
		{EA0C021F-83CC-4D67-A6FE-136B92093BFA}.ReleaseUnix|Any CPU.Build.0 = ReleaseUnix|Any CPU
		{F680AF83-68B8-4762-A4F3-1757E7DC7A22}.Debug|Any CPU.ActiveCfg = Debug|Any CPU
		{F680AF83-68B8-4762-A4F3-1757E7DC7A22}.Debug|Any CPU.Build.0 = Debug|Any CPU
		{F680AF83-68B8-4762-A4F3-1757E7DC7A22}.Release|Any CPU.ActiveCfg = Release|Any CPU
		{F680AF83-68B8-4762-A4F3-1757E7DC7A22}.Release|Any CPU.Build.0 = Release|Any CPU
		{F680AF83-68B8-4762-A4F3-1757E7DC7A22}.ReleaseUnix|Any CPU.ActiveCfg = ReleaseUnix|Any CPU
		{F680AF83-68B8-4762-A4F3-1757E7DC7A22}.ReleaseUnix|Any CPU.Build.0 = ReleaseUnix|Any CPU
		{C7A9EC64-357C-4411-85CB-AF342FAB6654}.Debug|Any CPU.ActiveCfg = Debug|Any CPU
		{C7A9EC64-357C-4411-85CB-AF342FAB6654}.Debug|Any CPU.Build.0 = Debug|Any CPU
		{C7A9EC64-357C-4411-85CB-AF342FAB6654}.Release|Any CPU.ActiveCfg = Release|Any CPU
		{C7A9EC64-357C-4411-85CB-AF342FAB6654}.Release|Any CPU.Build.0 = Release|Any CPU
		{C7A9EC64-357C-4411-85CB-AF342FAB6654}.ReleaseUnix|Any CPU.ActiveCfg = ReleaseUnix|Any CPU
		{C7A9EC64-357C-4411-85CB-AF342FAB6654}.ReleaseUnix|Any CPU.Build.0 = ReleaseUnix|Any CPU
		{6872448A-98BF-45B3-88D8-AF80F8E562CA}.Debug|Any CPU.ActiveCfg = Debug|Any CPU
		{6872448A-98BF-45B3-88D8-AF80F8E562CA}.Debug|Any CPU.Build.0 = Debug|Any CPU
		{6872448A-98BF-45B3-88D8-AF80F8E562CA}.Release|Any CPU.ActiveCfg = Release|Any CPU
		{6872448A-98BF-45B3-88D8-AF80F8E562CA}.Release|Any CPU.Build.0 = Release|Any CPU
		{6872448A-98BF-45B3-88D8-AF80F8E562CA}.ReleaseUnix|Any CPU.ActiveCfg = ReleaseUnix|Any CPU
		{6872448A-98BF-45B3-88D8-AF80F8E562CA}.ReleaseUnix|Any CPU.Build.0 = ReleaseUnix|Any CPU
		{A65D823D-2855-4D0C-8DA8-E10E1FAC426F}.Debug|Any CPU.ActiveCfg = Debug|Any CPU
		{A65D823D-2855-4D0C-8DA8-E10E1FAC426F}.Debug|Any CPU.Build.0 = Debug|Any CPU
		{A65D823D-2855-4D0C-8DA8-E10E1FAC426F}.Release|Any CPU.ActiveCfg = Release|Any CPU
		{A65D823D-2855-4D0C-8DA8-E10E1FAC426F}.Release|Any CPU.Build.0 = Release|Any CPU
		{A65D823D-2855-4D0C-8DA8-E10E1FAC426F}.ReleaseUnix|Any CPU.ActiveCfg = Release|Any CPU
		{A65D823D-2855-4D0C-8DA8-E10E1FAC426F}.ReleaseUnix|Any CPU.Build.0 = Release|Any CPU
	EndGlobalSection
	GlobalSection(SolutionProperties) = preSolution
		HideSolutionNode = FALSE
	EndGlobalSection
	GlobalSection(ExtensibilityGlobals) = postSolution
		SolutionGuid = {D2A9367A-4446-498F-A65A-5DD011B3560E}
	EndGlobalSection
EndGlobal
